
Microsoft Visual Studio Solution File, Format Version 12.00
# Visual Studio Version 17
VisualStudioVersion = 17.9.34728.123
MinimumVisualStudioVersion = 10.0.40219.1
Project("{FAE04EC0-301F-11D3-BF4B-00C04F79EFBC}") = "parcial_ll_marco_zamora_1338424", "parcial_ll_marco_zamora_1338424\parcial_ll_marco_zamora_1338424.csproj", "{E92C50F1-EE9B-4F8B-ABAE-69404298A078}"
EndProject
Global
	GlobalSection(SolutionConfigurationPlatforms) = preSolution
		Debug|Any CPU = Debug|Any CPU
		Release|Any CPU = Release|Any CPU
	EndGlobalSection
	GlobalSection(ProjectConfigurationPlatforms) = postSolution
		{E92C50F1-EE9B-4F8B-ABAE-69404298A078}.Debug|Any CPU.ActiveCfg = Debug|Any CPU
		{E92C50F1-EE9B-4F8B-ABAE-69404298A078}.Debug|Any CPU.Build.0 = Debug|Any CPU
		{E92C50F1-EE9B-4F8B-ABAE-69404298A078}.Release|Any CPU.ActiveCfg = Release|Any CPU
		{E92C50F1-EE9B-4F8B-ABAE-69404298A078}.Release|Any CPU.Build.0 = Release|Any CPU
	EndGlobalSection
	GlobalSection(SolutionProperties) = preSolution
		HideSolutionNode = FALSE
	EndGlobalSection
	GlobalSection(ExtensibilityGlobals) = postSolution
		SolutionGuid = {06F23FDC-A2F9-43B6-9AAB-D702094E5BDB}
	EndGlobalSection
EndGlobal
